
Microsoft Visual Studio Solution File, Format Version 12.00
# Visual Studio 2013
VisualStudioVersion = 12.0.40629.0
MinimumVisualStudioVersion = 10.0.40219.1
Project("{FAE04EC0-301F-11D3-BF4B-00C04F79EFBC}") = "Extjs.Direct", "Extjs.Direct\Extjs.Direct.csproj", "{CEC11DC2-AF1E-4D46-8277-77B9D06CB19F}"
EndProject
Project("{FAE04EC0-301F-11D3-BF4B-00C04F79EFBC}") = "UnitTest.Extjs.Direct", "UnitTest.Extjs.Direct\UnitTest.Extjs.Direct.csproj", "{BE1DC163-E084-4C17-BD08-1373A809B246}"
EndProject
Project("{FAE04EC0-301F-11D3-BF4B-00C04F79EFBC}") = "Test.Nancy.Aspnet", "Test.Nancy.Aspnet\Test.Nancy.Aspnet.csproj", "{ECC8AFE7-ABDB-43F2-870D-274C3DAB2A8E}"
EndProject
Project("{FAE04EC0-301F-11D3-BF4B-00C04F79EFBC}") = "Test.Server.Base", "Test.Server.Base\Test.Server.Base.csproj", "{3DE2E0A6-8D6F-4E2D-88C6-D9DD415DA248}"
EndProject
Project("{FAE04EC0-301F-11D3-BF4B-00C04F79EFBC}") = "Test.Aspnet", "Test.Aspnet\Test.Aspnet.csproj", "{159E2631-0A50-4ACC-8F6F-5C2C258C9516}"
EndProject
Project("{FAE04EC0-301F-11D3-BF4B-00C04F79EFBC}") = "Test.Mvc", "Test.Mvc\Test.Mvc.csproj", "{F33130A1-959D-45F4-9904-6D85DD12375D}"
EndProject
Project("{FAE04EC0-301F-11D3-BF4B-00C04F79EFBC}") = "Test.WebApi", "Test.WebApi\Test.WebApi.csproj", "{BE2C065D-DF4B-4002-B202-EC5939FB8015}"
EndProject
Global
	GlobalSection(SolutionConfigurationPlatforms) = preSolution
		Debug|Any CPU = Debug|Any CPU
		Release|Any CPU = Release|Any CPU
	EndGlobalSection
	GlobalSection(ProjectConfigurationPlatforms) = postSolution
		{CEC11DC2-AF1E-4D46-8277-77B9D06CB19F}.Debug|Any CPU.ActiveCfg = Debug|Any CPU
		{CEC11DC2-AF1E-4D46-8277-77B9D06CB19F}.Debug|Any CPU.Build.0 = Debug|Any CPU
		{CEC11DC2-AF1E-4D46-8277-77B9D06CB19F}.Release|Any CPU.ActiveCfg = Release|Any CPU
		{CEC11DC2-AF1E-4D46-8277-77B9D06CB19F}.Release|Any CPU.Build.0 = Release|Any CPU
		{BE1DC163-E084-4C17-BD08-1373A809B246}.Debug|Any CPU.ActiveCfg = Debug|Any CPU
		{BE1DC163-E084-4C17-BD08-1373A809B246}.Debug|Any CPU.Build.0 = Debug|Any CPU
		{BE1DC163-E084-4C17-BD08-1373A809B246}.Release|Any CPU.ActiveCfg = Release|Any CPU
		{BE1DC163-E084-4C17-BD08-1373A809B246}.Release|Any CPU.Build.0 = Release|Any CPU
		{ECC8AFE7-ABDB-43F2-870D-274C3DAB2A8E}.Debug|Any CPU.ActiveCfg = Debug|Any CPU
		{ECC8AFE7-ABDB-43F2-870D-274C3DAB2A8E}.Debug|Any CPU.Build.0 = Debug|Any CPU
		{ECC8AFE7-ABDB-43F2-870D-274C3DAB2A8E}.Release|Any CPU.ActiveCfg = Release|Any CPU
		{ECC8AFE7-ABDB-43F2-870D-274C3DAB2A8E}.Release|Any CPU.Build.0 = Release|Any CPU
		{3DE2E0A6-8D6F-4E2D-88C6-D9DD415DA248}.Debug|Any CPU.ActiveCfg = Debug|Any CPU
		{3DE2E0A6-8D6F-4E2D-88C6-D9DD415DA248}.Debug|Any CPU.Build.0 = Debug|Any CPU
		{3DE2E0A6-8D6F-4E2D-88C6-D9DD415DA248}.Release|Any CPU.ActiveCfg = Release|Any CPU
		{3DE2E0A6-8D6F-4E2D-88C6-D9DD415DA248}.Release|Any CPU.Build.0 = Release|Any CPU
		{159E2631-0A50-4ACC-8F6F-5C2C258C9516}.Debug|Any CPU.ActiveCfg = Debug|Any CPU
		{159E2631-0A50-4ACC-8F6F-5C2C258C9516}.Debug|Any CPU.Build.0 = Debug|Any CPU
		{159E2631-0A50-4ACC-8F6F-5C2C258C9516}.Release|Any CPU.ActiveCfg = Release|Any CPU
		{159E2631-0A50-4ACC-8F6F-5C2C258C9516}.Release|Any CPU.Build.0 = Release|Any CPU
		{F33130A1-959D-45F4-9904-6D85DD12375D}.Debug|Any CPU.ActiveCfg = Debug|Any CPU
		{F33130A1-959D-45F4-9904-6D85DD12375D}.Debug|Any CPU.Build.0 = Debug|Any CPU
		{F33130A1-959D-45F4-9904-6D85DD12375D}.Release|Any CPU.ActiveCfg = Release|Any CPU
		{F33130A1-959D-45F4-9904-6D85DD12375D}.Release|Any CPU.Build.0 = Release|Any CPU
		{BE2C065D-DF4B-4002-B202-EC5939FB8015}.Debug|Any CPU.ActiveCfg = Debug|Any CPU
		{BE2C065D-DF4B-4002-B202-EC5939FB8015}.Debug|Any CPU.Build.0 = Debug|Any CPU
		{BE2C065D-DF4B-4002-B202-EC5939FB8015}.Release|Any CPU.ActiveCfg = Release|Any CPU
		{BE2C065D-DF4B-4002-B202-EC5939FB8015}.Release|Any CPU.Build.0 = Release|Any CPU
	EndGlobalSection
	GlobalSection(SolutionProperties) = preSolution
		HideSolutionNode = FALSE
	EndGlobalSection
EndGlobal
